
Microsoft Visual Studio Solution File, Format Version 12.00
# Visual Studio Version 17
VisualStudioVersion = 17.13.35931.197 d17.13
MinimumVisualStudioVersion = 10.0.40219.1
Project("{FAE04EC0-301F-11D3-BF4B-00C04F79EFBC}") = "WebApi", "WebApi\WebApi.csproj", "{7A9305F9-7897-41A3-B25F-CD03FF739224}"
EndProject
Global
	GlobalSection(SolutionConfigurationPlatforms) = preSolution
		Debug|Any CPU = Debug|Any CPU
		Release|Any CPU = Release|Any CPU
	EndGlobalSection
	GlobalSection(ProjectConfigurationPlatforms) = postSolution
		{7A9305F9-7897-41A3-B25F-CD03FF739224}.Debug|Any CPU.ActiveCfg = Debug|Any CPU
		{7A9305F9-7897-41A3-B25F-CD03FF739224}.Debug|Any CPU.Build.0 = Debug|Any CPU
		{7A9305F9-7897-41A3-B25F-CD03FF739224}.Release|Any CPU.ActiveCfg = Release|Any CPU
		{7A9305F9-7897-41A3-B25F-CD03FF739224}.Release|Any CPU.Build.0 = Release|Any CPU
	EndGlobalSection
	GlobalSection(SolutionProperties) = preSolution
		HideSolutionNode = FALSE
	EndGlobalSection
	GlobalSection(ExtensibilityGlobals) = postSolution
		SolutionGuid = {3F263C99-D33D-4CD4-8485-C4E6F5228829}
	EndGlobalSection
EndGlobal
